
Microsoft Visual Studio Solution File, Format Version 12.00
# Visual Studio Version 17
VisualStudioVersion = 17.9.34902.65
MinimumVisualStudioVersion = 10.0.40219.1
Project("{FAE04EC0-301F-11D3-BF4B-00C04F79EFBC}") = "examen_final_progII", "examen_final_progII.csproj", "{E86C3A04-5B98-4D3F-87D9-A30D94FE725C}"
EndProject
Global
	GlobalSection(SolutionConfigurationPlatforms) = preSolution
		Debug|Any CPU = Debug|Any CPU
		Release|Any CPU = Release|Any CPU
	EndGlobalSection
	GlobalSection(ProjectConfigurationPlatforms) = postSolution
		{E86C3A04-5B98-4D3F-87D9-A30D94FE725C}.Debug|Any CPU.ActiveCfg = Debug|Any CPU
		{E86C3A04-5B98-4D3F-87D9-A30D94FE725C}.Debug|Any CPU.Build.0 = Debug|Any CPU
		{E86C3A04-5B98-4D3F-87D9-A30D94FE725C}.Release|Any CPU.ActiveCfg = Release|Any CPU
		{E86C3A04-5B98-4D3F-87D9-A30D94FE725C}.Release|Any CPU.Build.0 = Release|Any CPU
	EndGlobalSection
	GlobalSection(SolutionProperties) = preSolution
		HideSolutionNode = FALSE
	EndGlobalSection
	GlobalSection(ExtensibilityGlobals) = postSolution
		SolutionGuid = {9E7655A2-B9D8-4595-B04F-928A6D3F28D9}
	EndGlobalSection
EndGlobal
